
Microsoft Visual Studio Solution File, Format Version 12.00
# Visual Studio Version 17
VisualStudioVersion = 17.5.33414.496
MinimumVisualStudioVersion = 10.0.40219.1
Project("{FAE04EC0-301F-11D3-BF4B-00C04F79EFBC}") = "ClimateMonitoring", "ClimateMonitoring\ClimateMonitoring.csproj", "{64CC8DD1-58E0-41C1-A0CE-F3A4994EB330}"
EndProject
Global
	GlobalSection(SolutionConfigurationPlatforms) = preSolution
		Debug|Any CPU = Debug|Any CPU
		Release|Any CPU = Release|Any CPU
	EndGlobalSection
	GlobalSection(ProjectConfigurationPlatforms) = postSolution
		{64CC8DD1-58E0-41C1-A0CE-F3A4994EB330}.Debug|Any CPU.ActiveCfg = Debug|Any CPU
		{64CC8DD1-58E0-41C1-A0CE-F3A4994EB330}.Debug|Any CPU.Build.0 = Debug|Any CPU
		{64CC8DD1-58E0-41C1-A0CE-F3A4994EB330}.Release|Any CPU.ActiveCfg = Release|Any CPU
		{64CC8DD1-58E0-41C1-A0CE-F3A4994EB330}.Release|Any CPU.Build.0 = Release|Any CPU
	EndGlobalSection
	GlobalSection(SolutionProperties) = preSolution
		HideSolutionNode = FALSE
	EndGlobalSection
	GlobalSection(ExtensibilityGlobals) = postSolution
		SolutionGuid = {16CAA301-8D84-4600-BC73-083984C00DB1}
	EndGlobalSection
EndGlobal
